
Microsoft Visual Studio Solution File, Format Version 12.00
# Visual Studio Version 17
VisualStudioVersion = 17.0.31903.59
MinimumVisualStudioVersion = 10.0.40219.1
Project("{2150E333-8FDC-42A3-9474-1A3956D46DE8}") = "src", "src", "{ADF3FCBC-76C4-4EFF-A347-8AEC22690778}"
EndProject
Project("{FAE04EC0-301F-11D3-BF4B-00C04F79EFBC}") = "AuctionService", "src\AuctionService\AuctionService.csproj", "{6D818731-5570-44AA-A9BF-87731D30F1DC}"
EndProject
Project("{FAE04EC0-301F-11D3-BF4B-00C04F79EFBC}") = "SearchService", "src\SearchService\SearchService.csproj", "{9EBCD639-5F43-46F2-8559-0BB2AB04194E}"
EndProject
Global
	GlobalSection(SolutionConfigurationPlatforms) = preSolution
		Debug|Any CPU = Debug|Any CPU
		Release|Any CPU = Release|Any CPU
	EndGlobalSection
	GlobalSection(SolutionProperties) = preSolution
		HideSolutionNode = FALSE
	EndGlobalSection
	GlobalSection(ProjectConfigurationPlatforms) = postSolution
		{6D818731-5570-44AA-A9BF-87731D30F1DC}.Debug|Any CPU.ActiveCfg = Debug|Any CPU
		{6D818731-5570-44AA-A9BF-87731D30F1DC}.Debug|Any CPU.Build.0 = Debug|Any CPU
		{6D818731-5570-44AA-A9BF-87731D30F1DC}.Release|Any CPU.ActiveCfg = Release|Any CPU
		{6D818731-5570-44AA-A9BF-87731D30F1DC}.Release|Any CPU.Build.0 = Release|Any CPU
		{9EBCD639-5F43-46F2-8559-0BB2AB04194E}.Debug|Any CPU.ActiveCfg = Debug|Any CPU
		{9EBCD639-5F43-46F2-8559-0BB2AB04194E}.Debug|Any CPU.Build.0 = Debug|Any CPU
		{9EBCD639-5F43-46F2-8559-0BB2AB04194E}.Release|Any CPU.ActiveCfg = Release|Any CPU
		{9EBCD639-5F43-46F2-8559-0BB2AB04194E}.Release|Any CPU.Build.0 = Release|Any CPU
	EndGlobalSection
	GlobalSection(NestedProjects) = preSolution
		{6D818731-5570-44AA-A9BF-87731D30F1DC} = {ADF3FCBC-76C4-4EFF-A347-8AEC22690778}
		{9EBCD639-5F43-46F2-8559-0BB2AB04194E} = {ADF3FCBC-76C4-4EFF-A347-8AEC22690778}
	EndGlobalSection
EndGlobal
